// !$*UTF8*$!
{
	archiveVersion = 1;
	classes = {
	};
	objectVersion = 55;
	objects = {

/* Begin PBXBuildFile section */
		5ACA5A2A2A7B4BBD00235B8D /* QianYuDemoApp.swift in Sources */ = {isa = PBXBuildFile; fileRef = 5ACA5A292A7B4BBD00235B8D /* QianYuDemoApp.swift */; };
		5ACA5A2C2A7B4BBD00235B8D /* ContentView.swift in Sources */ = {isa = PBXBuildFile; fileRef = 5ACA5A2B2A7B4BBD00235B8D /* ContentView.swift */; };
		5ACA5A2E2A7B4BC100235B8D /* Assets.xcassets in Resources */ = {isa = PBXBuildFile; fileRef = 5ACA5A2D2A7B4BC100235B8D /* Assets.xcassets */; };
		5ACA5A312A7B4BC100235B8D /* Preview Assets.xcassets in Resources */ = {isa = PBXBuildFile; fileRef = 5ACA5A302A7B4BC100235B8D /* Preview Assets.xcassets */; };
		5ACA5A3B2A7B4BC100235B8D /* QianYuDemoTests.swift in Sources */ = {isa = PBXBuildFile; fileRef = 5ACA5A3A2A7B4BC100235B8D /* QianYuDemoTests.swift */; };
		5ACA5A452A7B4BC100235B8D /* QianYuDemoUITests.swift in Sources */ = {isa = PBXBuildFile; fileRef = 5ACA5A442A7B4BC100235B8D /* QianYuDemoUITests.swift */; };
		5ACA5A472A7B4BC100235B8D /* QianYuDemoUITestsLaunchTests.swift in Sources */ = {isa = PBXBuildFile; fileRef = 5ACA5A462A7B4BC100235B8D /* QianYuDemoUITestsLaunchTests.swift */; };
/* End PBXBuildFile section */

/* Begin PBXContainerItemProxy section */
		5ACA5A372A7B4BC100235B8D /* PBXContainerItemProxy */ = {
			isa = PBXContainerItemProxy;
			containerPortal = 5ACA5A1E2A7B4BBD00235B8D /* Project object */;
			proxyType = 1;
			remoteGlobalIDString = 5ACA5A252A7B4BBD00235B8D;
			remoteInfo = QianYuDemo;
		};
		5ACA5A412A7B4BC100235B8D /* PBXContainerItemProxy */ = {
			isa = PBXContainerItemProxy;
			containerPortal = 5ACA5A1E2A7B4BBD00235B8D /* Project object */;
			proxyType = 1;
			remoteGlobalIDString = 5ACA5A252A7B4BBD00235B8D;
			remoteInfo = QianYuDemo;
		};
/* End PBXContainerItemProxy section */

/* Begin PBXFileReference section */
		5ACA5A262A7B4BBD00235B8D /* QianYuDemo.app */ = {isa = PBXFileReference; explicitFileType = wrapper.application; includeInIndex = 0; path = QianYuDemo.app; sourceTree = BUILT_PRODUCTS_DIR; };
		5ACA5A292A7B4BBD00235B8D /* QianYuDemoApp.swift */ = {isa = PBXFileReference; lastKnownFileType = sourcecode.swift; path = QianYuDemoApp.swift; sourceTree = "<group>"; };
		5ACA5A2B2A7B4BBD00235B8D /* ContentView.swift */ = {isa = PBXFileReference; lastKnownFileType = sourcecode.swift; path = ContentView.swift; sourceTree = "<group>"; };
		5ACA5A2D2A7B4BC100235B8D /* Assets.xcassets */ = {isa = PBXFileReference; lastKnownFileType = folder.assetcatalog; path = Assets.xcassets; sourceTree = "<group>"; };
		5ACA5A302A7B4BC100235B8D /* Preview Assets.xcassets */ = {isa = PBXFileReference; lastKnownFileType = folder.assetcatalog; path = "Preview Assets.xcassets"; sourceTree = "<group>"; };
		5ACA5A362A7B4BC100235B8D /* QianYuDemoTests.xctest */ = {isa = PBXFileReference; explicitFileType = wrapper.cfbundle; includeInIndex = 0; path = QianYuDemoTests.xctest; sourceTree = BUILT_PRODUCTS_DIR; };
		5ACA5A3A2A7B4BC100235B8D /* QianYuDemoTests.swift */ = {isa = PBXFileReference; lastKnownFileType = sourcecode.swift; path = QianYuDemoTests.swift; sourceTree = "<group>"; };
		5ACA5A402A7B4BC100235B8D /* QianYuDemoUITests.xctest */ = {isa = PBXFileReference; explicitFileType = wrapper.cfbundle; includeInIndex = 0; path = QianYuDemoUITests.xctest; sourceTree = BUILT_PRODUCTS_DIR; };
		5ACA5A442A7B4BC100235B8D /* QianYuDemoUITests.swift */ = {isa = PBXFileReference; lastKnownFileType = sourcecode.swift; path = QianYuDemoUITests.swift; sourceTree = "<group>"; };
		5ACA5A462A7B4BC100235B8D /* QianYuDemoUITestsLaunchTests.swift */ = {isa = PBXFileReference; lastKnownFileType = sourcecode.swift; path = QianYuDemoUITestsLaunchTests.swift; sourceTree = "<group>"; };
/* End PBXFileReference section */

/* Begin PBXFrameworksBuildPhase section */
		5ACA5A232A7B4BBD00235B8D /* Frameworks */ = {
			isa = PBXFrameworksBuildPhase;
			buildActionMask = 2147483647;
			files = (
			);
			runOnlyForDeploymentPostprocessing = 0;
		};
		5ACA5A332A7B4BC100235B8D /* Frameworks */ = {
			isa = PBXFrameworksBuildPhase;
			buildActionMask = 2147483647;
			files = (
			);
			runOnlyForDeploymentPostprocessing = 0;
		};
		5ACA5A3D2A7B4BC100235B8D /* Frameworks */ = {
			isa = PBXFrameworksBuildPhase;
			buildActionMask = 2147483647;
			files = (
			);
			runOnlyForDeploymentPostprocessing = 0;
		};
/* End PBXFrameworksBuildPhase section */

/* Begin PBXGroup section */
		5ACA5A1D2A7B4BBD00235B8D = {
			isa = PBXGroup;
			children = (
				5ACA5A282A7B4BBD00235B8D /* QianYuDemo */,
				5ACA5A392A7B4BC100235B8D /* QianYuDemoTests */,
				5ACA5A432A7B4BC100235B8D /* QianYuDemoUITests */,
				5ACA5A272A7B4BBD00235B8D /* Products */,
			);
			sourceTree = "<group>";
		};
		5ACA5A272A7B4BBD00235B8D /* Products */ = {
			isa = PBXGroup;
			children = (
				5ACA5A262A7B4BBD00235B8D /* QianYuDemo.app */,
				5ACA5A362A7B4BC100235B8D /* QianYuDemoTests.xctest */,
				5ACA5A402A7B4BC100235B8D /* QianYuDemoUITests.xctest */,
			);
			name = Products;
			sourceTree = "<group>";
		};
		5ACA5A282A7B4BBD00235B8D /* QianYuDemo */ = {
			isa = PBXGroup;
			children = (
				5ACA5A292A7B4BBD00235B8D /* QianYuDemoApp.swift */,
				5ACA5A2B2A7B4BBD00235B8D /* ContentView.swift */,
				5ACA5A2D2A7B4BC100235B8D /* Assets.xcassets */,
				5ACA5A2F2A7B4BC100235B8D /* Preview Content */,
			);
			path = QianYuDemo;
			sourceTree = "<group>";
		};
		5ACA5A2F2A7B4BC100235B8D /* Preview Content */ = {
			isa = PBXGroup;
			children = (
				5ACA5A302A7B4BC100235B8D /* Preview Assets.xcassets */,
			);
			path = "Preview Content";
			sourceTree = "<group>";
		};
		5ACA5A392A7B4BC100235B8D /* QianYuDemoTests */ = {
			isa = PBXGroup;
			children = (
				5ACA5A3A2A7B4BC100235B8D /* QianYuDemoTests.swift */,
			);
			path = QianYuDemoTests;
			sourceTree = "<group>";
		};
		5ACA5A432A7B4BC100235B8D /* QianYuDemoUITests */ = {
			isa = PBXGroup;
			children = (
				5ACA5A442A7B4BC100235B8D /* QianYuDemoUITests.swift */,
				5ACA5A462A7B4BC100235B8D /* QianYuDemoUITestsLaunchTests.swift */,
			);
			path = QianYuDemoUITests;
			sourceTree = "<group>";
		};
/* End PBXGroup section */

/* Begin PBXNativeTarget section */
		5ACA5A252A7B4BBD00235B8D /* QianYuDemo */ = {
			isa = PBXNativeTarget;
			buildConfigurationList = 5ACA5A4A2A7B4BC100235B8D /* Build configuration list for PBXNativeTarget "QianYuDemo" */;
			buildPhases = (
				5ACA5A222A7B4BBD00235B8D /* Sources */,
				5ACA5A232A7B4BBD00235B8D /* Frameworks */,
				5ACA5A242A7B4BBD00235B8D /* Resources */,
			);
			buildRules = (
			);
			dependencies = (
			);
			name = QianYuDemo;
			productName = QianYuDemo;
			productReference = 5ACA5A262A7B4BBD00235B8D /* QianYuDemo.app */;
			productType = "com.apple.product-type.application";
		};
		5ACA5A352A7B4BC100235B8D /* QianYuDemoTests */ = {
			isa = PBXNativeTarget;
			buildConfigurationList = 5ACA5A4D2A7B4BC100235B8D /* Build configuration list for PBXNativeTarget "QianYuDemoTests" */;
			buildPhases = (
				5ACA5A322A7B4BC100235B8D /* Sources */,
				5ACA5A332A7B4BC100235B8D /* Frameworks */,
				5ACA5A342A7B4BC100235B8D /* Resources */,
			);
			buildRules = (
			);
			dependencies = (
				5ACA5A382A7B4BC100235B8D /* PBXTargetDependency */,
			);
			name = QianYuDemoTests;
			productName = QianYuDemoTests;
			productReference = 5ACA5A362A7B4BC100235B8D /* QianYuDemoTests.xctest */;
			productType = "com.apple.product-type.bundle.unit-test";
		};
		5ACA5A3F2A7B4BC100235B8D /* QianYuDemoUITests */ = {
			isa = PBXNativeTarget;
			buildConfigurationList = 5ACA5A502A7B4BC100235B8D /* Build configuration list for PBXNativeTarget "QianYuDemoUITests" */;
			buildPhases = (
				5ACA5A3C2A7B4BC100235B8D /* Sources */,
				5ACA5A3D2A7B4BC100235B8D /* Frameworks */,
				5ACA5A3E2A7B4BC100235B8D /* Resources */,
			);
			buildRules = (
			);
			dependencies = (
				5ACA5A422A7B4BC100235B8D /* PBXTargetDependency */,
			);
			name = QianYuDemoUITests;
			productName = QianYuDemoUITests;
			productReference = 5ACA5A402A7B4BC100235B8D /* QianYuDemoUITests.xctest */;
			productType = "com.apple.product-type.bundle.ui-testing";
		};
/* End PBXNativeTarget section */

/* Begin PBXProject section */
		5ACA5A1E2A7B4BBD00235B8D /* Project object */ = {
			isa = PBXProject;
			attributes = {
				BuildIndependentTargetsInParallel = 1;
				LastSwiftUpdateCheck = 1340;
				LastUpgradeCheck = 1340;
				TargetAttributes = {
					5ACA5A252A7B4BBD00235B8D = {
						CreatedOnToolsVersion = 13.4.1;
					};
					5ACA5A352A7B4BC100235B8D = {
						CreatedOnToolsVersion = 13.4.1;
						TestTargetID = 5ACA5A252A7B4BBD00235B8D;
					};
					5ACA5A3F2A7B4BC100235B8D = {
						CreatedOnToolsVersion = 13.4.1;
						TestTargetID = 5ACA5A252A7B4BBD00235B8D;
					};
				};
			};
			buildConfigurationList = 5ACA5A212A7B4BBD00235B8D /* Build configuration list for PBXProject "QianYuDemo" */;
			compatibilityVersion = "Xcode 13.0";
			developmentRegion = en;
			hasScannedForEncodings = 0;
			knownRegions = (
				en,
				Base,
			);
			mainGroup = 5ACA5A1D2A7B4BBD00235B8D;
			productRefGroup = 5ACA5A272A7B4BBD00235B8D /* Products */;
			projectDirPath = "";
			projectRoot = "";
			targets = (
				5ACA5A252A7B4BBD00235B8D /* QianYuDemo */,
				5ACA5A352A7B4BC100235B8D /* QianYuDemoTests */,
				5ACA5A3F2A7B4BC100235B8D /* QianYuDemoUITests */,
			);
		};
/* End PBXProject section */

/* Begin PBXResourcesBuildPhase section */
		5ACA5A242A7B4BBD00235B8D /* Resources */ = {
			isa = PBXResourcesBuildPhase;
			buildActionMask = 2147483647;
			files = (
				5ACA5A312A7B4BC100235B8D /* Preview Assets.xcassets in Resources */,
				5ACA5A2E2A7B4BC100235B8D /* Assets.xcassets in Resources */,
			);
			runOnlyForDeploymentPostprocessing = 0;
		};
		5ACA5A342A7B4BC100235B8D /* Resources */ = {
			isa = PBXResourcesBuildPhase;
			buildActionMask = 2147483647;
			files = (
			);
			runOnlyForDeploymentPostprocessing = 0;
		};
		5ACA5A3E2A7B4BC100235B8D /* Resources */ = {
			isa = PBXResourcesBuildPhase;
			buildActionMask = 2147483647;
			files = (
			);
			runOnlyForDeploymentPostprocessing = 0;
		};
/* End PBXResourcesBuildPhase section */

/* Begin PBXSourcesBuildPhase section */
		5ACA5A222A7B4BBD00235B8D /* Sources */ = {
			isa = PBXSourcesBuildPhase;
			buildActionMask = 2147483647;
			files = (
				5ACA5A2C2A7B4BBD00235B8D /* ContentView.swift in Sources */,
				5ACA5A2A2A7B4BBD00235B8D /* QianYuDemoApp.swift in Sources */,
			);
			runOnlyForDeploymentPostprocessing = 0;
		};
		5ACA5A322A7B4BC100235B8D /* Sources */ = {
			isa = PBXSourcesBuildPhase;
			buildActionMask = 2147483647;
			files = (
				5ACA5A3B2A7B4BC100235B8D /* QianYuDemoTests.swift in Sources */,
			);
			runOnlyForDeploymentPostprocessing = 0;
		};
		5ACA5A3C2A7B4BC100235B8D /* Sources */ = {
			isa = PBXSourcesBuildPhase;
			buildActionMask = 2147483647;
			files = (
				5ACA5A472A7B4BC100235B8D /* QianYuDemoUITestsLaunchTests.swift in Sources */,
				5ACA5A452A7B4BC100235B8D /* QianYuDemoUITests.swift in Sources */,
			);
			runOnlyForDeploymentPostprocessing = 0;
		};
/* End PBXSourcesBuildPhase section */

/* Begin PBXTargetDependency section */
		5ACA5A382A7B4BC100235B8D /* PBXTargetDependency */ = {
			isa = PBXTargetDependency;
			target = 5ACA5A252A7B4BBD00235B8D /* QianYuDemo */;
			targetProxy = 5ACA5A372A7B4BC100235B8D /* PBXContainerItemProxy */;
		};
		5ACA5A422A7B4BC100235B8D /* PBXTargetDependency */ = {
			isa = PBXTargetDependency;
			target = 5ACA5A252A7B4BBD00235B8D /* QianYuDemo */;
			targetProxy = 5ACA5A412A7B4BC100235B8D /* PBXContainerItemProxy */;
		};
/* End PBXTargetDependency section */

/* Begin XCBuildConfiguration section */
		5ACA5A482A7B4BC100235B8D /* Debug */ = {
			isa = XCBuildConfiguration;
			buildSettings = {
				ALWAYS_SEARCH_USER_PATHS = NO;
				CLANG_ANALYZER_NONNULL = YES;
				CLANG_ANALYZER_NUMBER_OBJECT_CONVERSION = YES_AGGRESSIVE;
				CLANG_CXX_LANGUAGE_STANDARD = "gnu++17";
				CLANG_ENABLE_MODULES = YES;
				CLANG_ENABLE_OBJC_ARC = YES;
				CLANG_ENABLE_OBJC_WEAK = YES;
				CLANG_WARN_BLOCK_CAPTURE_AUTORELEASING = YES;
				CLANG_WARN_BOOL_CONVERSION = YES;
				CLANG_WARN_COMMA = YES;
				CLANG_WARN_CONSTANT_CONVERSION = YES;
				CLANG_WARN_DEPRECATED_OBJC_IMPLEMENTATIONS = YES;
				CLANG_WARN_DIRECT_OBJC_ISA_USAGE = YES_ERROR;
				CLANG_WARN_DOCUMENTATION_COMMENTS = YES;
				CLANG_WARN_EMPTY_BODY = YES;
				CLANG_WARN_ENUM_CONVERSION = YES;
				CLANG_WARN_INFINITE_RECURSION = YES;
				CLANG_WARN_INT_CONVERSION = YES;
				CLANG_WARN_NON_LITERAL_NULL_CONVERSION = YES;
				CLANG_WARN_OBJC_IMPLICIT_RETAIN_SELF = YES;
				CLANG_WARN_OBJC_LITERAL_CONVERSION = YES;
				CLANG_WARN_OBJC_ROOT_CLASS = YES_ERROR;
				CLANG_WARN_QUOTED_INCLUDE_IN_FRAMEWORK_HEADER = YES;
				CLANG_WARN_RANGE_LOOP_ANALYSIS = YES;
				CLANG_WARN_STRICT_PROTOTYPES = YES;
				CLANG_WARN_SUSPICIOUS_MOVE = YES;
				CLANG_WARN_UNGUARDED_AVAILABILITY = YES_AGGRESSIVE;
				CLANG_WARN_UNREACHABLE_CODE = YES;
				CLANG_WARN__DUPLICATE_METHOD_MATCH = YES;
				COPY_PHASE_STRIP = NO;
				DEBUG_INFORMATION_FORMAT = dwarf;
				ENABLE_STRICT_OBJC_MSGSEND = YES;
				ENABLE_TESTABILITY = YES;
				GCC_C_LANGUAGE_STANDARD = gnu11;
				GCC_DYNAMIC_NO_PIC = NO;
				GCC_NO_COMMON_BLOCKS = YES;
				GCC_OPTIMIZATION_LEVEL = 0;
				GCC_PREPROCESSOR_DEFINITIONS = (
					"DEBUG=1",
					"$(inherited)",
				);
				GCC_WARN_64_TO_32_BIT_CONVERSION = YES;
				GCC_WARN_ABOUT_RETURN_TYPE = YES_ERROR;
				GCC_WARN_UNDECLARED_SELECTOR = YES;
				GCC_WARN_UNINITIALIZED_AUTOS = YES_AGGRESSIVE;
				GCC_WARN_UNUSED_FUNCTION = YES;
				GCC_WARN_UNUSED_VARIABLE = YES;
				IPHONEOS_DEPLOYMENT_TARGET = 14.0;
				MTL_ENABLE_DEBUG_INFO = INCLUDE_SOURCE;
				MTL_FAST_MATH = YES;
				ONLY_ACTIVE_ARCH = YES;
				SDKROOT = iphoneos;
				SWIFT_ACTIVE_COMPILATION_CONDITIONS = DEBUG;
				SWIFT_OPTIMIZATION_LEVEL = "-Onone";
			};
			name = Debug;
		};
		5ACA5A492A7B4BC100235B8D /* Release */ = {
			isa = XCBuildConfiguration;
			buildSettings = {
				ALWAYS_SEARCH_USER_PATHS = NO;
				CLANG_ANALYZER_NONNULL = YES;
				CLANG_ANALYZER_NUMBER_OBJECT_CONVERSION = YES_AGGRESSIVE;
				CLANG_CXX_LANGUAGE_STANDARD = "gnu++17";
				CLANG_ENABLE_MODULES = YES;
				CLANG_ENABLE_OBJC_ARC = YES;
				CLANG_ENABLE_OBJC_WEAK = YES;
				CLANG_WARN_BLOCK_CAPTURE_AUTORELEASING = YES;
				CLANG_WARN_BOOL_CONVERSION = YES;
				CLANG_WARN_COMMA = YES;
				CLANG_WARN_CONSTANT_CONVERSION = YES;
				CLANG_WARN_DEPRECATED_OBJC_IMPLEMENTATIONS = YES;
				CLANG_WARN_DIRECT_OBJC_ISA_USAGE = YES_ERROR;
				CLANG_WARN_DOCUMENTATION_COMMENTS = YES;
				CLANG_WARN_EMPTY_BODY = YES;
				CLANG_WARN_ENUM_CONVERSION = YES;
				CLANG_WARN_INFINITE_RECURSION = YES;
				CLANG_WARN_INT_CONVERSION = YES;
				CLANG_WARN_NON_LITERAL_NULL_CONVERSION = YES;
				CLANG_WARN_OBJC_IMPLICIT_RETAIN_SELF = YES;
				CLANG_WARN_OBJC_LITERAL_CONVERSION = YES;
				CLANG_WARN_OBJC_ROOT_CLASS = YES_ERROR;
				CLANG_WARN_QUOTED_INCLUDE_IN_FRAMEWORK_HEADER = YES;
				CLANG_WARN_RANGE_LOOP_ANALYSIS = YES;
				CLANG_WARN_STRICT_PROTOTYPES = YES;
				CLANG_WARN_SUSPICIOUS_MOVE = YES;
				CLANG_WARN_UNGUARDED_AVAILABILITY = YES_AGGRESSIVE;
				CLANG_WARN_UNREACHABLE_CODE = YES;
				CLANG_WARN__DUPLICATE_METHOD_MATCH = YES;
				COPY_PHASE_STRIP = NO;
				DEBUG_INFORMATION_FORMAT = "dwarf-with-dsym";
				ENABLE_NS_ASSERTIONS = NO;
				ENABLE_STRICT_OBJC_MSGSEND = YES;
				GCC_C_LANGUAGE_STANDARD = gnu11;
				GCC_NO_COMMON_BLOCKS = YES;
				GCC_WARN_64_TO_32_BIT_CONVERSION = YES;
				GCC_WARN_ABOUT_RETURN_TYPE = YES_ERROR;
				GCC_WARN_UNDECLARED_SELECTOR = YES;
				GCC_WARN_UNINITIALIZED_AUTOS = YES_AGGRESSIVE;
				GCC_WARN_UNUSED_FUNCTION = YES;
				GCC_WARN_UNUSED_VARIABLE = YES;
				IPHONEOS_DEPLOYMENT_TARGET = 14.0;
				MTL_ENABLE_DEBUG_INFO = NO;
				MTL_FAST_MATH = YES;
				SDKROOT = iphoneos;
				SWIFT_COMPILATION_MODE = wholemodule;
				SWIFT_OPTIMIZATION_LEVEL = "-O";
				VALIDATE_PRODUCT = YES;
			};
			name = Release;
		};
		5ACA5A4B2A7B4BC100235B8D /* Debug */ = {
			isa = XCBuildConfiguration;
			buildSettings = {
				ASSETCATALOG_COMPILER_APPICON_NAME = AppIcon;
				ASSETCATALOG_COMPILER_GLOBAL_ACCENT_COLOR_NAME = AccentColor;
				CODE_SIGN_STYLE = Automatic;
				CURRENT_PROJECT_VERSION = 1;
				DEVELOPMENT_ASSET_PATHS = "\"QianYuDemo/Preview Content\"";
				DEVELOPMENT_TEAM = CCQP63X7K4;
				ENABLE_PREVIEWS = YES;
				GENERATE_INFOPLIST_FILE = YES;
				INFOPLIST_KEY_UIApplicationSceneManifest_Generation = YES;
				INFOPLIST_KEY_UIApplicationSupportsIndirectInputEvents = YES;
				INFOPLIST_KEY_UILaunchScreen_Generation = YES;
				INFOPLIST_KEY_UISupportedInterfaceOrientations_iPad = "UIInterfaceOrientationPortrait UIInterfaceOrientationPortraitUpsideDown UIInterfaceOrientationLandscapeLeft UIInterfaceOrientationLandscapeRight";
				INFOPLIST_KEY_UISupportedInterfaceOrientations_iPhone = "UIInterfaceOrientationPortrait UIInterfaceOrientationLandscapeLeft UIInterfaceOrientationLandscapeRight";
				LD_RUNPATH_SEARCH_PATHS = (
					"$(inherited)",
					"@executable_path/Frameworks",
				);
				MARKETING_VERSION = 1.0;
				PRODUCT_BUNDLE_IDENTIFIER = com.NingXia.QianYuDemo;
				PRODUCT_NAME = "$(TARGET_NAME)";
				SWIFT_EMIT_LOC_STRINGS = YES;
				SWIFT_VERSION = 5.0;
				TARGETED_DEVICE_FAMILY = "1,2";
			};
			name = Debug;
		};
		5ACA5A4C2A7B4BC100235B8D /* Release */ = {
			isa = XCBuildConfiguration;
			buildSettings = {
				ASSETCATALOG_COMPILER_APPICON_NAME = AppIcon;
				ASSETCATALOG_COMPILER_GLOBAL_ACCENT_COLOR_NAME = AccentColor;
				CODE_SIGN_STYLE = Automatic;
				CURRENT_PROJECT_VERSION = 1;
				DEVELOPMENT_ASSET_PATHS = "\"QianYuDemo/Preview Content\"";
				DEVELOPMENT_TEAM = CCQP63X7K4;
				ENABLE_PREVIEWS = YES;
				GENERATE_INFOPLIST_FILE = YES;
				INFOPLIST_KEY_UIApplicationSceneManifest_Generation = YES;
				INFOPLIST_KEY_UIApplicationSupportsIndirectInputEvents = YES;
				INFOPLIST_KEY_UILaunchScreen_Generation = YES;
				INFOPLIST_KEY_UISupportedInterfaceOrientations_iPad = "UIInterfaceOrientationPortrait UIInterfaceOrientationPortraitUpsideDown UIInterfaceOrientationLandscapeLeft UIInterfaceOrientationLandscapeRight";
				INFOPLIST_KEY_UISupportedInterfaceOrientations_iPhone = "UIInterfaceOrientationPortrait UIInterfaceOrientationLandscapeLeft UIInterfaceOrientationLandscapeRight";
				LD_RUNPATH_SEARCH_PATHS = (
					"$(inherited)",
					"@executable_path/Frameworks",
				);
				MARKETING_VERSION = 1.0;
				PRODUCT_BUNDLE_IDENTIFIER = com.NingXia.QianYuDemo;
				PRODUCT_NAME = "$(TARGET_NAME)";
				SWIFT_EMIT_LOC_STRINGS = YES;
				SWIFT_VERSION = 5.0;
				TARGETED_DEVICE_FAMILY = "1,2";
			};
			name = Release;
		};
		5ACA5A4E2A7B4BC100235B8D /* Debug */ = {
			isa = XCBuildConfiguration;
			buildSettings = {
				ALWAYS_EMBED_SWIFT_STANDARD_LIBRARIES = YES;
				BUNDLE_LOADER = "$(TEST_HOST)";
				CODE_SIGN_STYLE = Automatic;
				CURRENT_PROJECT_VERSION = 1;
				DEVELOPMENT_TEAM = CCQP63X7K4;
				GENERATE_INFOPLIST_FILE = YES;
				IPHONEOS_DEPLOYMENT_TARGET = 15.5;
				MARKETING_VERSION = 1.0;
				PRODUCT_BUNDLE_IDENTIFIER = com.NingXia.QianYuDemoTests;
				PRODUCT_NAME = "$(TARGET_NAME)";
				SWIFT_EMIT_LOC_STRINGS = NO;
				SWIFT_VERSION = 5.0;
				TARGETED_DEVICE_FAMILY = "1,2";
				TEST_HOST = "$(BUILT_PRODUCTS_DIR)/QianYuDemo.app/QianYuDemo";
			};
			name = Debug;
		};
		5ACA5A4F2A7B4BC100235B8D /* Release */ = {
			isa = XCBuildConfiguration;
			buildSettings = {
				ALWAYS_EMBED_SWIFT_STANDARD_LIBRARIES = YES;
				BUNDLE_LOADER = "$(TEST_HOST)";
				CODE_SIGN_STYLE = Automatic;
				CURRENT_PROJECT_VERSION = 1;
				DEVELOPMENT_TEAM = CCQP63X7K4;
				GENERATE_INFOPLIST_FILE = YES;
				IPHONEOS_DEPLOYMENT_TARGET = 15.5;
				MARKETING_VERSION = 1.0;
				PRODUCT_BUNDLE_IDENTIFIER = com.NingXia.QianYuDemoTests;
				PRODUCT_NAME = "$(TARGET_NAME)";
				SWIFT_EMIT_LOC_STRINGS = NO;
				SWIFT_VERSION = 5.0;
				TARGETED_DEVICE_FAMILY = "1,2";
				TEST_HOST = "$(BUILT_PRODUCTS_DIR)/QianYuDemo.app/QianYuDemo";
			};
			name = Release;
		};
		5ACA5A512A7B4BC100235B8D /* Debug */ = {
			isa = XCBuildConfiguration;
			buildSettings = {
				ALWAYS_EMBED_SWIFT_STANDARD_LIBRARIES = YES;
				CODE_SIGN_STYLE = Automatic;
				CURRENT_PROJECT_VERSION = 1;
				DEVELOPMENT_TEAM = CCQP63X7K4;
				GENERATE_INFOPLIST_FILE = YES;
				MARKETING_VERSION = 1.0;
				PRODUCT_BUNDLE_IDENTIFIER = com.NingXia.QianYuDemoUITests;
				PRODUCT_NAME = "$(TARGET_NAME)";
				SWIFT_EMIT_LOC_STRINGS = NO;
				SWIFT_VERSION = 5.0;
				TARGETED_DEVICE_FAMILY = "1,2";
				TEST_TARGET_NAME = QianYuDemo;
			};
			name = Debug;
		};
		5ACA5A522A7B4BC100235B8D /* Release */ = {
			isa = XCBuildConfiguration;
			buildSettings = {
				ALWAYS_EMBED_SWIFT_STANDARD_LIBRARIES = YES;
				CODE_SIGN_STYLE = Automatic;
				CURRENT_PROJECT_VERSION = 1;
				DEVELOPMENT_TEAM = CCQP63X7K4;
				GENERATE_INFOPLIST_FILE = YES;
				MARKETING_VERSION = 1.0;
				PRODUCT_BUNDLE_IDENTIFIER = com.NingXia.QianYuDemoUITests;
				PRODUCT_NAME = "$(TARGET_NAME)";
				SWIFT_EMIT_LOC_STRINGS = NO;
				SWIFT_VERSION = 5.0;
				TARGETED_DEVICE_FAMILY = "1,2";
				TEST_TARGET_NAME = QianYuDemo;
			};
			name = Release;
		};
/* End XCBuildConfiguration section */

/* Begin XCConfigurationList section */
		5ACA5A212A7B4BBD00235B8D /* Build configuration list for PBXProject "QianYuDemo" */ = {
			isa = XCConfigurationList;
			buildConfigurations = (
				5ACA5A482A7B4BC100235B8D /* Debug */,
				5ACA5A492A7B4BC100235B8D /* Release */,
			);
			defaultConfigurationIsVisible = 0;
			defaultConfigurationName = Release;
		};
		5ACA5A4A2A7B4BC100235B8D /* Build configuration list for PBXNativeTarget "QianYuDemo" */ = {
			isa = XCConfigurationList;
			buildConfigurations = (
				5ACA5A4B2A7B4BC100235B8D /* Debug */,
				5ACA5A4C2A7B4BC100235B8D /* Release */,
			);
			defaultConfigurationIsVisible = 0;
			defaultConfigurationName = Release;
		};
		5ACA5A4D2A7B4BC100235B8D /* Build configuration list for PBXNativeTarget "QianYuDemoTests" */ = {
			isa = XCConfigurationList;
			buildConfigurations = (
				5ACA5A4E2A7B4BC100235B8D /* Debug */,
				5ACA5A4F2A7B4BC100235B8D /* Release */,
			);
			defaultConfigurationIsVisible = 0;
			defaultConfigurationName = Release;
		};
		5ACA5A502A7B4BC100235B8D /* Build configuration list for PBXNativeTarget "QianYuDemoUITests" */ = {
			isa = XCConfigurationList;
			buildConfigurations = (
				5ACA5A512A7B4BC100235B8D /* Debug */,
				5ACA5A522A7B4BC100235B8D /* Release */,
			);
			defaultConfigurationIsVisible = 0;
			defaultConfigurationName = Release;
		};
/* End XCConfigurationList section */
	};
	rootObject = 5ACA5A1E2A7B4BBD00235B8D /* Project object */;
}
